
Microsoft Visual Studio Solution File, Format Version 12.00
# Visual Studio 2013
VisualStudioVersion = 12.0.40629.0
MinimumVisualStudioVersion = 10.0.40219.1
Project("{581633EB-B896-402F-8E60-36F3DA191C85}") = "ProjectManagementLightTool", "ProjectManagementLightTool\ProjectManagementLightTool.lsxtproj", "{D4514FBA-B4BD-43AA-97D5-15D9CCF25748}"
EndProject
Project("{FAE04EC0-301F-11D3-BF4B-00C04F79EFBC}") = "ProjectManagementLightTool.Server", "ProjectManagementLightTool\ProjectManagementLightTool.Server\ProjectManagementLightTool.Server.csproj", "{C6CE9C10-0E88-40DA-96EF-5F70A55BBB5C}"
EndProject
Project("{FAE04EC0-301F-11D3-BF4B-00C04F79EFBC}") = "ProjectManagementLightTool.DesktopClient", "ProjectManagementLightTool\ProjectManagementLightTool.DesktopClient\ProjectManagementLightTool.DesktopClient.csproj", "{D154A641-8502-40CD-88F0-FC87E3A71B6A}"
EndProject
Global
	GlobalSection(SolutionConfigurationPlatforms) = preSolution
		Debug|Any CPU = Debug|Any CPU
		Release|Any CPU = Release|Any CPU
	EndGlobalSection
	GlobalSection(ProjectConfigurationPlatforms) = postSolution
		{D4514FBA-B4BD-43AA-97D5-15D9CCF25748}.Debug|Any CPU.ActiveCfg = Debug|Any CPU
		{D4514FBA-B4BD-43AA-97D5-15D9CCF25748}.Debug|Any CPU.Build.0 = Debug|Any CPU
		{D4514FBA-B4BD-43AA-97D5-15D9CCF25748}.Release|Any CPU.ActiveCfg = Release|Any CPU
		{D4514FBA-B4BD-43AA-97D5-15D9CCF25748}.Release|Any CPU.Build.0 = Release|Any CPU
		{C6CE9C10-0E88-40DA-96EF-5F70A55BBB5C}.Debug|Any CPU.ActiveCfg = Debug|Any CPU
		{C6CE9C10-0E88-40DA-96EF-5F70A55BBB5C}.Debug|Any CPU.Build.0 = Debug|Any CPU
		{C6CE9C10-0E88-40DA-96EF-5F70A55BBB5C}.Release|Any CPU.ActiveCfg = Release|Any CPU
		{C6CE9C10-0E88-40DA-96EF-5F70A55BBB5C}.Release|Any CPU.Build.0 = Release|Any CPU
		{D154A641-8502-40CD-88F0-FC87E3A71B6A}.Debug|Any CPU.ActiveCfg = Debug|Any CPU
		{D154A641-8502-40CD-88F0-FC87E3A71B6A}.Debug|Any CPU.Build.0 = Debug|Any CPU
		{D154A641-8502-40CD-88F0-FC87E3A71B6A}.Release|Any CPU.ActiveCfg = Release|Any CPU
		{D154A641-8502-40CD-88F0-FC87E3A71B6A}.Release|Any CPU.Build.0 = Release|Any CPU
	EndGlobalSection
	GlobalSection(SolutionProperties) = preSolution
		HideSolutionNode = FALSE
	EndGlobalSection
EndGlobal
